// !$*UTF8*$!
{
	archiveVersion = 1;
	classes = {
	};
	objectVersion = 56;
	objects = {

/* Begin PBXBuildFile section */
		0CF4C5E529F6B89F005B9178 /* AppDelegate.swift in Sources */ = {isa = PBXBuildFile; fileRef = 0CF4C5E429F6B89F005B9178 /* AppDelegate.swift */; };
		0CF4C5E729F6B89F005B9178 /* SceneDelegate.swift in Sources */ = {isa = PBXBuildFile; fileRef = 0CF4C5E629F6B89F005B9178 /* SceneDelegate.swift */; };
		0CF4C5E929F6B89F005B9178 /* MainViewController.swift in Sources */ = {isa = PBXBuildFile; fileRef = 0CF4C5E829F6B89F005B9178 /* MainViewController.swift */; };
		0CF4C5EE29F6B8A7005B9178 /* Assets.xcassets in Resources */ = {isa = PBXBuildFile; fileRef = 0CF4C5ED29F6B8A7005B9178 /* Assets.xcassets */; };
		0CF4C5F129F6B8A7005B9178 /* LaunchScreen.storyboard in Resources */ = {isa = PBXBuildFile; fileRef = 0CF4C5EF29F6B8A7005B9178 /* LaunchScreen.storyboard */; };
		0CF4C5FF29F6BC21005B9178 /* .gitignore in Resources */ = {isa = PBXBuildFile; fileRef = 0CF4C5FE29F6BC21005B9178 /* .gitignore */; };
		0CF4C60129F6BEA3005B9178 /* UIViewController + Extension.swift in Sources */ = {isa = PBXBuildFile; fileRef = 0CF4C60029F6BEA3005B9178 /* UIViewController + Extension.swift */; };
		0CF4C60529F6BEB5005B9178 /* UIView + Extension.swift in Sources */ = {isa = PBXBuildFile; fileRef = 0CF4C60429F6BEB5005B9178 /* UIView + Extension.swift */; };
		0CF4C60A29F6CA2C005B9178 /* ClimeDayCell.swift in Sources */ = {isa = PBXBuildFile; fileRef = 0CF4C60929F6CA2C005B9178 /* ClimeDayCell.swift */; };
		0CF4C60C29F6CEAD005B9178 /* ClimeTodayCell.swift in Sources */ = {isa = PBXBuildFile; fileRef = 0CF4C60B29F6CEAD005B9178 /* ClimeTodayCell.swift */; };
		0CF4C60F29F6D8C2005B9178 /* ClimeModel.swift in Sources */ = {isa = PBXBuildFile; fileRef = 0CF4C60E29F6D8C2005B9178 /* ClimeModel.swift */; };
		0CF4C61129F79DD7005B9178 /* ClimeError.swift in Sources */ = {isa = PBXBuildFile; fileRef = 0CF4C61029F79DD7005B9178 /* ClimeError.swift */; };
		0CF4C61329F79E20005B9178 /* NetworkService.swift in Sources */ = {isa = PBXBuildFile; fileRef = 0CF4C61229F79E20005B9178 /* NetworkService.swift */; };
		0CF4C61529F79EC7005B9178 /* ClimeServices.swift in Sources */ = {isa = PBXBuildFile; fileRef = 0CF4C61429F79EC7005B9178 /* ClimeServices.swift */; };
		0CF4C61729F79F83005B9178 /* URLRequestFactory.swift in Sources */ = {isa = PBXBuildFile; fileRef = 0CF4C61629F79F83005B9178 /* URLRequestFactory.swift */; };
		0CF4C61929F7A993005B9178 /* LocationService.swift in Sources */ = {isa = PBXBuildFile; fileRef = 0CF4C61829F7A993005B9178 /* LocationService.swift */; };
/* End PBXBuildFile section */

/* Begin PBXFileReference section */
		0CF4C5E129F6B89F005B9178 /* ClimaApril.app */ = {isa = PBXFileReference; explicitFileType = wrapper.application; includeInIndex = 0; path = ClimaApril.app; sourceTree = BUILT_PRODUCTS_DIR; };
		0CF4C5E429F6B89F005B9178 /* AppDelegate.swift */ = {isa = PBXFileReference; lastKnownFileType = sourcecode.swift; path = AppDelegate.swift; sourceTree = "<group>"; };
		0CF4C5E629F6B89F005B9178 /* SceneDelegate.swift */ = {isa = PBXFileReference; lastKnownFileType = sourcecode.swift; path = SceneDelegate.swift; sourceTree = "<group>"; };
		0CF4C5E829F6B89F005B9178 /* MainViewController.swift */ = {isa = PBXFileReference; lastKnownFileType = sourcecode.swift; path = MainViewController.swift; sourceTree = "<group>"; };
		0CF4C5ED29F6B8A7005B9178 /* Assets.xcassets */ = {isa = PBXFileReference; lastKnownFileType = folder.assetcatalog; path = Assets.xcassets; sourceTree = "<group>"; };
		0CF4C5F029F6B8A7005B9178 /* Base */ = {isa = PBXFileReference; lastKnownFileType = file.storyboard; name = Base; path = Base.lproj/LaunchScreen.storyboard; sourceTree = "<group>"; };
		0CF4C5F229F6B8A7005B9178 /* Info.plist */ = {isa = PBXFileReference; lastKnownFileType = text.plist.xml; path = Info.plist; sourceTree = "<group>"; };
		0CF4C5FE29F6BC21005B9178 /* .gitignore */ = {isa = PBXFileReference; fileEncoding = 4; lastKnownFileType = text; path = .gitignore; sourceTree = "<group>"; };
		0CF4C60029F6BEA3005B9178 /* UIViewController + Extension.swift */ = {isa = PBXFileReference; fileEncoding = 4; lastKnownFileType = sourcecode.swift; path = "UIViewController + Extension.swift"; sourceTree = "<group>"; };
		0CF4C60429F6BEB5005B9178 /* UIView + Extension.swift */ = {isa = PBXFileReference; fileEncoding = 4; lastKnownFileType = sourcecode.swift; path = "UIView + Extension.swift"; sourceTree = "<group>"; };
		0CF4C60929F6CA2C005B9178 /* ClimeDayCell.swift */ = {isa = PBXFileReference; lastKnownFileType = sourcecode.swift; path = ClimeDayCell.swift; sourceTree = "<group>"; };
		0CF4C60B29F6CEAD005B9178 /* ClimeTodayCell.swift */ = {isa = PBXFileReference; lastKnownFileType = sourcecode.swift; path = ClimeTodayCell.swift; sourceTree = "<group>"; };
		0CF4C60E29F6D8C2005B9178 /* ClimeModel.swift */ = {isa = PBXFileReference; lastKnownFileType = sourcecode.swift; path = ClimeModel.swift; sourceTree = "<group>"; };
		0CF4C61029F79DD7005B9178 /* ClimeError.swift */ = {isa = PBXFileReference; lastKnownFileType = sourcecode.swift; path = ClimeError.swift; sourceTree = "<group>"; };
		0CF4C61229F79E20005B9178 /* NetworkService.swift */ = {isa = PBXFileReference; lastKnownFileType = sourcecode.swift; path = NetworkService.swift; sourceTree = "<group>"; };
		0CF4C61429F79EC7005B9178 /* ClimeServices.swift */ = {isa = PBXFileReference; lastKnownFileType = sourcecode.swift; path = ClimeServices.swift; sourceTree = "<group>"; };
		0CF4C61629F79F83005B9178 /* URLRequestFactory.swift */ = {isa = PBXFileReference; lastKnownFileType = sourcecode.swift; path = URLRequestFactory.swift; sourceTree = "<group>"; };
		0CF4C61829F7A993005B9178 /* LocationService.swift */ = {isa = PBXFileReference; lastKnownFileType = sourcecode.swift; path = LocationService.swift; sourceTree = "<group>"; };
/* End PBXFileReference section */

/* Begin PBXFrameworksBuildPhase section */
		0CF4C5DE29F6B89F005B9178 /* Frameworks */ = {
			isa = PBXFrameworksBuildPhase;
			buildActionMask = 2147483647;
			files = (
			);
			runOnlyForDeploymentPostprocessing = 0;
		};
/* End PBXFrameworksBuildPhase section */

/* Begin PBXGroup section */
		0CF4C5D829F6B89F005B9178 = {
			isa = PBXGroup;
			children = (
				0CF4C5FE29F6BC21005B9178 /* .gitignore */,
				0CF4C5E329F6B89F005B9178 /* ClimaApril */,
				0CF4C5E229F6B89F005B9178 /* Products */,
			);
			sourceTree = "<group>";
		};
		0CF4C5E229F6B89F005B9178 /* Products */ = {
			isa = PBXGroup;
			children = (
				0CF4C5E129F6B89F005B9178 /* ClimaApril.app */,
			);
			name = Products;
			sourceTree = "<group>";
		};
		0CF4C5E329F6B89F005B9178 /* ClimaApril */ = {
			isa = PBXGroup;
			children = (
				0CF4C5FD29F6B9AD005B9178 /* Extensions */,
				0CF4C5FC29F6B9A2005B9178 /* Services */,
				0CF4C5FA29F6B97F005B9178 /* Modules */,
				0CF4C5F929F6B96C005B9178 /* SupportingFiles */,
				0CF4C5F829F6B95F005B9178 /* Application */,
			);
			path = ClimaApril;
			sourceTree = "<group>";
		};
		0CF4C5F829F6B95F005B9178 /* Application */ = {
			isa = PBXGroup;
			children = (
				0CF4C5E629F6B89F005B9178 /* SceneDelegate.swift */,
				0CF4C5E429F6B89F005B9178 /* AppDelegate.swift */,
			);
			path = Application;
			sourceTree = "<group>";
		};
		0CF4C5F929F6B96C005B9178 /* SupportingFiles */ = {
			isa = PBXGroup;
			children = (
				0CF4C5EF29F6B8A7005B9178 /* LaunchScreen.storyboard */,
				0CF4C5ED29F6B8A7005B9178 /* Assets.xcassets */,
				0CF4C5F229F6B8A7005B9178 /* Info.plist */,
			);
			path = SupportingFiles;
			sourceTree = "<group>";
		};
		0CF4C5FA29F6B97F005B9178 /* Modules */ = {
			isa = PBXGroup;
			children = (
				0CF4C5FB29F6B991005B9178 /* MainModule */,
			);
			path = Modules;
			sourceTree = "<group>";
		};
		0CF4C5FB29F6B991005B9178 /* MainModule */ = {
			isa = PBXGroup;
			children = (
				0CF4C60D29F6D8AC005B9178 /* Model */,
				0CF4C60629F6C9C9005B9178 /* View */,
			);
			path = MainModule;
			sourceTree = "<group>";
		};
		0CF4C5FC29F6B9A2005B9178 /* Services */ = {
			isa = PBXGroup;
			children = (
				0CF4C61029F79DD7005B9178 /* ClimeError.swift */,
				0CF4C61229F79E20005B9178 /* NetworkService.swift */,
				0CF4C61429F79EC7005B9178 /* ClimeServices.swift */,
				0CF4C61629F79F83005B9178 /* URLRequestFactory.swift */,
				0CF4C61829F7A993005B9178 /* LocationService.swift */,
			);
			path = Services;
			sourceTree = "<group>";
		};
		0CF4C5FD29F6B9AD005B9178 /* Extensions */ = {
			isa = PBXGroup;
			children = (
				0CF4C60029F6BEA3005B9178 /* UIViewController + Extension.swift */,
				0CF4C60429F6BEB5005B9178 /* UIView + Extension.swift */,
			);
			path = Extensions;
			sourceTree = "<group>";
		};
		0CF4C60629F6C9C9005B9178 /* View */ = {
			isa = PBXGroup;
			children = (
				0CF4C5E829F6B89F005B9178 /* MainViewController.swift */,
				0CF4C60729F6C9CF005B9178 /* Cells */,
			);
			path = View;
			sourceTree = "<group>";
		};
		0CF4C60729F6C9CF005B9178 /* Cells */ = {
			isa = PBXGroup;
			children = (
				0CF4C60B29F6CEAD005B9178 /* ClimeTodayCell.swift */,
				0CF4C60929F6CA2C005B9178 /* ClimeDayCell.swift */,
			);
			path = Cells;
			sourceTree = "<group>";
		};
		0CF4C60D29F6D8AC005B9178 /* Model */ = {
			isa = PBXGroup;
			children = (
				0CF4C60E29F6D8C2005B9178 /* ClimeModel.swift */,
			);
			path = Model;
			sourceTree = "<group>";
		};
/* End PBXGroup section */

/* Begin PBXNativeTarget section */
		0CF4C5E029F6B89F005B9178 /* ClimaApril */ = {
			isa = PBXNativeTarget;
			buildConfigurationList = 0CF4C5F529F6B8A7005B9178 /* Build configuration list for PBXNativeTarget "ClimaApril" */;
			buildPhases = (
				0CF4C5DD29F6B89F005B9178 /* Sources */,
				0CF4C5DE29F6B89F005B9178 /* Frameworks */,
				0CF4C5DF29F6B89F005B9178 /* Resources */,
			);
			buildRules = (
			);
			dependencies = (
			);
			name = ClimaApril;
			productName = ClimaApril;
			productReference = 0CF4C5E129F6B89F005B9178 /* ClimaApril.app */;
			productType = "com.apple.product-type.application";
		};
/* End PBXNativeTarget section */

/* Begin PBXProject section */
		0CF4C5D929F6B89F005B9178 /* Project object */ = {
			isa = PBXProject;
			attributes = {
				BuildIndependentTargetsInParallel = 1;
				LastSwiftUpdateCheck = 1420;
				LastUpgradeCheck = 1420;
				TargetAttributes = {
					0CF4C5E029F6B89F005B9178 = {
						CreatedOnToolsVersion = 14.2;
					};
				};
			};
			buildConfigurationList = 0CF4C5DC29F6B89F005B9178 /* Build configuration list for PBXProject "ClimaApril" */;
			compatibilityVersion = "Xcode 14.0";
			developmentRegion = en;
			hasScannedForEncodings = 0;
			knownRegions = (
				en,
				Base,
			);
			mainGroup = 0CF4C5D829F6B89F005B9178;
			productRefGroup = 0CF4C5E229F6B89F005B9178 /* Products */;
			projectDirPath = "";
			projectRoot = "";
			targets = (
				0CF4C5E029F6B89F005B9178 /* ClimaApril */,
			);
		};
/* End PBXProject section */

/* Begin PBXResourcesBuildPhase section */
		0CF4C5DF29F6B89F005B9178 /* Resources */ = {
			isa = PBXResourcesBuildPhase;
			buildActionMask = 2147483647;
			files = (
				0CF4C5F129F6B8A7005B9178 /* LaunchScreen.storyboard in Resources */,
				0CF4C5FF29F6BC21005B9178 /* .gitignore in Resources */,
				0CF4C5EE29F6B8A7005B9178 /* Assets.xcassets in Resources */,
			);
			runOnlyForDeploymentPostprocessing = 0;
		};
/* End PBXResourcesBuildPhase section */

/* Begin PBXSourcesBuildPhase section */
		0CF4C5DD29F6B89F005B9178 /* Sources */ = {
			isa = PBXSourcesBuildPhase;
			buildActionMask = 2147483647;
			files = (
				0CF4C61329F79E20005B9178 /* NetworkService.swift in Sources */,
				0CF4C5E929F6B89F005B9178 /* MainViewController.swift in Sources */,
				0CF4C61529F79EC7005B9178 /* ClimeServices.swift in Sources */,
				0CF4C60C29F6CEAD005B9178 /* ClimeTodayCell.swift in Sources */,
				0CF4C60529F6BEB5005B9178 /* UIView + Extension.swift in Sources */,
				0CF4C5E529F6B89F005B9178 /* AppDelegate.swift in Sources */,
				0CF4C60A29F6CA2C005B9178 /* ClimeDayCell.swift in Sources */,
				0CF4C61129F79DD7005B9178 /* ClimeError.swift in Sources */,
				0CF4C60129F6BEA3005B9178 /* UIViewController + Extension.swift in Sources */,
				0CF4C61929F7A993005B9178 /* LocationService.swift in Sources */,
				0CF4C60F29F6D8C2005B9178 /* ClimeModel.swift in Sources */,
				0CF4C61729F79F83005B9178 /* URLRequestFactory.swift in Sources */,
				0CF4C5E729F6B89F005B9178 /* SceneDelegate.swift in Sources */,
			);
			runOnlyForDeploymentPostprocessing = 0;
		};
/* End PBXSourcesBuildPhase section */

/* Begin PBXVariantGroup section */
		0CF4C5EF29F6B8A7005B9178 /* LaunchScreen.storyboard */ = {
			isa = PBXVariantGroup;
			children = (
				0CF4C5F029F6B8A7005B9178 /* Base */,
			);
			name = LaunchScreen.storyboard;
			sourceTree = "<group>";
		};
/* End PBXVariantGroup section */

/* Begin XCBuildConfiguration section */
		0CF4C5F329F6B8A7005B9178 /* Debug */ = {
			isa = XCBuildConfiguration;
			buildSettings = {
				ALWAYS_SEARCH_USER_PATHS = NO;
				CLANG_ANALYZER_NONNULL = YES;
				CLANG_ANALYZER_NUMBER_OBJECT_CONVERSION = YES_AGGRESSIVE;
				CLANG_CXX_LANGUAGE_STANDARD = "gnu++20";
				CLANG_ENABLE_MODULES = YES;
				CLANG_ENABLE_OBJC_ARC = YES;
				CLANG_ENABLE_OBJC_WEAK = YES;
				CLANG_WARN_BLOCK_CAPTURE_AUTORELEASING = YES;
				CLANG_WARN_BOOL_CONVERSION = YES;
				CLANG_WARN_COMMA = YES;
				CLANG_WARN_CONSTANT_CONVERSION = YES;
				CLANG_WARN_DEPRECATED_OBJC_IMPLEMENTATIONS = YES;
				CLANG_WARN_DIRECT_OBJC_ISA_USAGE = YES_ERROR;
				CLANG_WARN_DOCUMENTATION_COMMENTS = YES;
				CLANG_WARN_EMPTY_BODY = YES;
				CLANG_WARN_ENUM_CONVERSION = YES;
				CLANG_WARN_INFINITE_RECURSION = YES;
				CLANG_WARN_INT_CONVERSION = YES;
				CLANG_WARN_NON_LITERAL_NULL_CONVERSION = YES;
				CLANG_WARN_OBJC_IMPLICIT_RETAIN_SELF = YES;
				CLANG_WARN_OBJC_LITERAL_CONVERSION = YES;
				CLANG_WARN_OBJC_ROOT_CLASS = YES_ERROR;
				CLANG_WARN_QUOTED_INCLUDE_IN_FRAMEWORK_HEADER = YES;
				CLANG_WARN_RANGE_LOOP_ANALYSIS = YES;
				CLANG_WARN_STRICT_PROTOTYPES = YES;
				CLANG_WARN_SUSPICIOUS_MOVE = YES;
				CLANG_WARN_UNGUARDED_AVAILABILITY = YES_AGGRESSIVE;
				CLANG_WARN_UNREACHABLE_CODE = YES;
				CLANG_WARN__DUPLICATE_METHOD_MATCH = YES;
				COPY_PHASE_STRIP = NO;
				DEBUG_INFORMATION_FORMAT = dwarf;
				ENABLE_STRICT_OBJC_MSGSEND = YES;
				ENABLE_TESTABILITY = YES;
				GCC_C_LANGUAGE_STANDARD = gnu11;
				GCC_DYNAMIC_NO_PIC = NO;
				GCC_NO_COMMON_BLOCKS = YES;
				GCC_OPTIMIZATION_LEVEL = 0;
				GCC_PREPROCESSOR_DEFINITIONS = (
					"DEBUG=1",
					"$(inherited)",
				);
				GCC_WARN_64_TO_32_BIT_CONVERSION = YES;
				GCC_WARN_ABOUT_RETURN_TYPE = YES_ERROR;
				GCC_WARN_UNDECLARED_SELECTOR = YES;
				GCC_WARN_UNINITIALIZED_AUTOS = YES_AGGRESSIVE;
				GCC_WARN_UNUSED_FUNCTION = YES;
				GCC_WARN_UNUSED_VARIABLE = YES;
				IPHONEOS_DEPLOYMENT_TARGET = 16.2;
				MTL_ENABLE_DEBUG_INFO = INCLUDE_SOURCE;
				MTL_FAST_MATH = YES;
				ONLY_ACTIVE_ARCH = YES;
				SDKROOT = iphoneos;
				SWIFT_ACTIVE_COMPILATION_CONDITIONS = DEBUG;
				SWIFT_OPTIMIZATION_LEVEL = "-Onone";
			};
			name = Debug;
		};
		0CF4C5F429F6B8A7005B9178 /* Release */ = {
			isa = XCBuildConfiguration;
			buildSettings = {
				ALWAYS_SEARCH_USER_PATHS = NO;
				CLANG_ANALYZER_NONNULL = YES;
				CLANG_ANALYZER_NUMBER_OBJECT_CONVERSION = YES_AGGRESSIVE;
				CLANG_CXX_LANGUAGE_STANDARD = "gnu++20";
				CLANG_ENABLE_MODULES = YES;
				CLANG_ENABLE_OBJC_ARC = YES;
				CLANG_ENABLE_OBJC_WEAK = YES;
				CLANG_WARN_BLOCK_CAPTURE_AUTORELEASING = YES;
				CLANG_WARN_BOOL_CONVERSION = YES;
				CLANG_WARN_COMMA = YES;
				CLANG_WARN_CONSTANT_CONVERSION = YES;
				CLANG_WARN_DEPRECATED_OBJC_IMPLEMENTATIONS = YES;
				CLANG_WARN_DIRECT_OBJC_ISA_USAGE = YES_ERROR;
				CLANG_WARN_DOCUMENTATION_COMMENTS = YES;
				CLANG_WARN_EMPTY_BODY = YES;
				CLANG_WARN_ENUM_CONVERSION = YES;
				CLANG_WARN_INFINITE_RECURSION = YES;
				CLANG_WARN_INT_CONVERSION = YES;
				CLANG_WARN_NON_LITERAL_NULL_CONVERSION = YES;
				CLANG_WARN_OBJC_IMPLICIT_RETAIN_SELF = YES;
				CLANG_WARN_OBJC_LITERAL_CONVERSION = YES;
				CLANG_WARN_OBJC_ROOT_CLASS = YES_ERROR;
				CLANG_WARN_QUOTED_INCLUDE_IN_FRAMEWORK_HEADER = YES;
				CLANG_WARN_RANGE_LOOP_ANALYSIS = YES;
				CLANG_WARN_STRICT_PROTOTYPES = YES;
				CLANG_WARN_SUSPICIOUS_MOVE = YES;
				CLANG_WARN_UNGUARDED_AVAILABILITY = YES_AGGRESSIVE;
				CLANG_WARN_UNREACHABLE_CODE = YES;
				CLANG_WARN__DUPLICATE_METHOD_MATCH = YES;
				COPY_PHASE_STRIP = NO;
				DEBUG_INFORMATION_FORMAT = "dwarf-with-dsym";
				ENABLE_NS_ASSERTIONS = NO;
				ENABLE_STRICT_OBJC_MSGSEND = YES;
				GCC_C_LANGUAGE_STANDARD = gnu11;
				GCC_NO_COMMON_BLOCKS = YES;
				GCC_WARN_64_TO_32_BIT_CONVERSION = YES;
				GCC_WARN_ABOUT_RETURN_TYPE = YES_ERROR;
				GCC_WARN_UNDECLARED_SELECTOR = YES;
				GCC_WARN_UNINITIALIZED_AUTOS = YES_AGGRESSIVE;
				GCC_WARN_UNUSED_FUNCTION = YES;
				GCC_WARN_UNUSED_VARIABLE = YES;
				IPHONEOS_DEPLOYMENT_TARGET = 16.2;
				MTL_ENABLE_DEBUG_INFO = NO;
				MTL_FAST_MATH = YES;
				SDKROOT = iphoneos;
				SWIFT_COMPILATION_MODE = wholemodule;
				SWIFT_OPTIMIZATION_LEVEL = "-O";
				VALIDATE_PRODUCT = YES;
			};
			name = Release;
		};
		0CF4C5F629F6B8A7005B9178 /* Debug */ = {
			isa = XCBuildConfiguration;
			buildSettings = {
				ASSETCATALOG_COMPILER_APPICON_NAME = AppIcon;
				ASSETCATALOG_COMPILER_GLOBAL_ACCENT_COLOR_NAME = AccentColor;
				CODE_SIGN_STYLE = Automatic;
				CURRENT_PROJECT_VERSION = 1;
				DEVELOPMENT_TEAM = W856DM7S8L;
				GENERATE_INFOPLIST_FILE = YES;
				INFOPLIST_FILE = ClimaApril/SupportingFiles/Info.plist;
				INFOPLIST_KEY_UIApplicationSupportsIndirectInputEvents = YES;
				INFOPLIST_KEY_UILaunchStoryboardName = LaunchScreen;
				INFOPLIST_KEY_UISupportedInterfaceOrientations = UIInterfaceOrientationPortrait;
				IPHONEOS_DEPLOYMENT_TARGET = 13.0;
				LD_RUNPATH_SEARCH_PATHS = (
					"$(inherited)",
					"@executable_path/Frameworks",
				);
				MARKETING_VERSION = 1.0;
				PRODUCT_BUNDLE_IDENTIFIER = com.Djinsolobzik.ClimaApril;
				PRODUCT_NAME = "$(TARGET_NAME)";
				SUPPORTED_PLATFORMS = "iphoneos iphonesimulator";
				SUPPORTS_MACCATALYST = NO;
				SUPPORTS_MAC_DESIGNED_FOR_IPHONE_IPAD = NO;
				SWIFT_EMIT_LOC_STRINGS = YES;
				SWIFT_VERSION = 5.0;
				TARGETED_DEVICE_FAMILY = "1,2";
			};
			name = Debug;
		};
		0CF4C5F729F6B8A7005B9178 /* Release */ = {
			isa = XCBuildConfiguration;
			buildSettings = {
				ASSETCATALOG_COMPILER_APPICON_NAME = AppIcon;
				ASSETCATALOG_COMPILER_GLOBAL_ACCENT_COLOR_NAME = AccentColor;
				CODE_SIGN_STYLE = Automatic;
				CURRENT_PROJECT_VERSION = 1;
				DEVELOPMENT_TEAM = W856DM7S8L;
				GENERATE_INFOPLIST_FILE = YES;
				INFOPLIST_FILE = ClimaApril/SupportingFiles/Info.plist;
				INFOPLIST_KEY_UIApplicationSupportsIndirectInputEvents = YES;
				INFOPLIST_KEY_UILaunchStoryboardName = LaunchScreen;
				INFOPLIST_KEY_UISupportedInterfaceOrientations = UIInterfaceOrientationPortrait;
				IPHONEOS_DEPLOYMENT_TARGET = 13.0;
				LD_RUNPATH_SEARCH_PATHS = (
					"$(inherited)",
					"@executable_path/Frameworks",
				);
				MARKETING_VERSION = 1.0;
				PRODUCT_BUNDLE_IDENTIFIER = com.Djinsolobzik.ClimaApril;
				PRODUCT_NAME = "$(TARGET_NAME)";
				SUPPORTED_PLATFORMS = "iphoneos iphonesimulator";
				SUPPORTS_MACCATALYST = NO;
				SUPPORTS_MAC_DESIGNED_FOR_IPHONE_IPAD = NO;
				SWIFT_EMIT_LOC_STRINGS = YES;
				SWIFT_VERSION = 5.0;
				TARGETED_DEVICE_FAMILY = "1,2";
			};
			name = Release;
		};
/* End XCBuildConfiguration section */

/* Begin XCConfigurationList section */
		0CF4C5DC29F6B89F005B9178 /* Build configuration list for PBXProject "ClimaApril" */ = {
			isa = XCConfigurationList;
			buildConfigurations = (
				0CF4C5F329F6B8A7005B9178 /* Debug */,
				0CF4C5F429F6B8A7005B9178 /* Release */,
			);
			defaultConfigurationIsVisible = 0;
			defaultConfigurationName = Release;
		};
		0CF4C5F529F6B8A7005B9178 /* Build configuration list for PBXNativeTarget "ClimaApril" */ = {
			isa = XCConfigurationList;
			buildConfigurations = (
				0CF4C5F629F6B8A7005B9178 /* Debug */,
				0CF4C5F729F6B8A7005B9178 /* Release */,
			);
			defaultConfigurationIsVisible = 0;
			defaultConfigurationName = Release;
		};
/* End XCConfigurationList section */
	};
	rootObject = 0CF4C5D929F6B89F005B9178 /* Project object */;
}
